
Microsoft Visual Studio Solution File, Format Version 12.00
# Visual Studio Version 16
VisualStudioVersion = 16.0.29709.97
MinimumVisualStudioVersion = 10.0.40219.1
Project("{9A19103F-16F7-4668-BE54-9A1E7A4F7556}") = "cpat-core", "cpat-core.csproj", "{766B3165-D756-4FF8-816F-77FF51C0E582}"
EndProject
Project("{9A19103F-16F7-4668-BE54-9A1E7A4F7556}") = "CpatCoreTests", "..\CpatCoreTests\CpatCoreTests.csproj", "{F40FC568-926B-40CC-BEF1-B368C00A610F}"
EndProject
Project("{FAE04EC0-301F-11D3-BF4B-00C04F79EFBC}") = "cpat-cli", "..\cpat-cli\cpat-cli.csproj", "{B166E90F-0448-47C3-92AF-8B74B5693A9C}"
EndProject
Global
	GlobalSection(SolutionConfigurationPlatforms) = preSolution
		Debug|Any CPU = Debug|Any CPU
		Release|Any CPU = Release|Any CPU
	EndGlobalSection
	GlobalSection(ProjectConfigurationPlatforms) = postSolution
		{766B3165-D756-4FF8-816F-77FF51C0E582}.Debug|Any CPU.ActiveCfg = Debug|Any CPU
		{766B3165-D756-4FF8-816F-77FF51C0E582}.Debug|Any CPU.Build.0 = Debug|Any CPU
		{766B3165-D756-4FF8-816F-77FF51C0E582}.Release|Any CPU.ActiveCfg = Release|Any CPU
		{766B3165-D756-4FF8-816F-77FF51C0E582}.Release|Any CPU.Build.0 = Release|Any CPU
		{F40FC568-926B-40CC-BEF1-B368C00A610F}.Debug|Any CPU.ActiveCfg = Debug|Any CPU
		{F40FC568-926B-40CC-BEF1-B368C00A610F}.Debug|Any CPU.Build.0 = Debug|Any CPU
		{F40FC568-926B-40CC-BEF1-B368C00A610F}.Release|Any CPU.ActiveCfg = Release|Any CPU
		{F40FC568-926B-40CC-BEF1-B368C00A610F}.Release|Any CPU.Build.0 = Release|Any CPU
		{B166E90F-0448-47C3-92AF-8B74B5693A9C}.Debug|Any CPU.ActiveCfg = Debug|Any CPU
		{B166E90F-0448-47C3-92AF-8B74B5693A9C}.Debug|Any CPU.Build.0 = Debug|Any CPU
		{B166E90F-0448-47C3-92AF-8B74B5693A9C}.Release|Any CPU.ActiveCfg = Release|Any CPU
		{B166E90F-0448-47C3-92AF-8B74B5693A9C}.Release|Any CPU.Build.0 = Release|Any CPU
	EndGlobalSection
	GlobalSection(SolutionProperties) = preSolution
		HideSolutionNode = FALSE
	EndGlobalSection
	GlobalSection(ExtensibilityGlobals) = postSolution
		SolutionGuid = {899ABD5E-9FB0-4C88-AC30-2DB4C67BF74F}
	EndGlobalSection
EndGlobal
