
Microsoft Visual Studio Solution File, Format Version 12.00
# Visual Studio Version 16
VisualStudioVersion = 16.0.29418.71
MinimumVisualStudioVersion = 10.0.40219.1
Project("{FAE04EC0-301F-11D3-BF4B-00C04F79EFBC}") = "PocoCrdb", "PocoCrdb\PocoCrdb.csproj", "{17FCEDB2-8F91-4515-AB1E-6F38312CF871}"
EndProject
Global
	GlobalSection(SolutionConfigurationPlatforms) = preSolution
		Debug|Any CPU = Debug|Any CPU
		Release|Any CPU = Release|Any CPU
	EndGlobalSection
	GlobalSection(ProjectConfigurationPlatforms) = postSolution
		{17FCEDB2-8F91-4515-AB1E-6F38312CF871}.Debug|Any CPU.ActiveCfg = Debug|Any CPU
		{17FCEDB2-8F91-4515-AB1E-6F38312CF871}.Debug|Any CPU.Build.0 = Debug|Any CPU
		{17FCEDB2-8F91-4515-AB1E-6F38312CF871}.Release|Any CPU.ActiveCfg = Release|Any CPU
		{17FCEDB2-8F91-4515-AB1E-6F38312CF871}.Release|Any CPU.Build.0 = Release|Any CPU
	EndGlobalSection
	GlobalSection(SolutionProperties) = preSolution
		HideSolutionNode = FALSE
	EndGlobalSection
	GlobalSection(ExtensibilityGlobals) = postSolution
		SolutionGuid = {48283EC4-1413-4E30-933E-6B27265C13D0}
	EndGlobalSection
EndGlobal
