
Microsoft Visual Studio Solution File, Format Version 12.00
# Visual Studio Version 16
VisualStudioVersion = 16.0.29409.12
MinimumVisualStudioVersion = 10.0.40219.1
Project("{FAE04EC0-301F-11D3-BF4B-00C04F79EFBC}") = "SignalRTest", "SignalRTest\SignalRTest.csproj", "{593E1A2C-DAA0-4B23-A28A-E8CD8E20442E}"
EndProject
Global
	GlobalSection(SolutionConfigurationPlatforms) = preSolution
		Debug|Any CPU = Debug|Any CPU
		Release|Any CPU = Release|Any CPU
	EndGlobalSection
	GlobalSection(ProjectConfigurationPlatforms) = postSolution
		{593E1A2C-DAA0-4B23-A28A-E8CD8E20442E}.Debug|Any CPU.ActiveCfg = Debug|Any CPU
		{593E1A2C-DAA0-4B23-A28A-E8CD8E20442E}.Debug|Any CPU.Build.0 = Debug|Any CPU
		{593E1A2C-DAA0-4B23-A28A-E8CD8E20442E}.Release|Any CPU.ActiveCfg = Release|Any CPU
		{593E1A2C-DAA0-4B23-A28A-E8CD8E20442E}.Release|Any CPU.Build.0 = Release|Any CPU
	EndGlobalSection
	GlobalSection(SolutionProperties) = preSolution
		HideSolutionNode = FALSE
	EndGlobalSection
	GlobalSection(ExtensibilityGlobals) = postSolution
		SolutionGuid = {C2F58B6B-A0B2-49E0-A5A0-DB46AF6F63BE}
	EndGlobalSection
EndGlobal
